dependencies:
  h2zero/esp-nimble-cpp:
    component_hash: 64611ff482a45ba6917f439aad7f1b8a9adcbfbf9287341597d55b10b6ee7376
    dependencies:
    - name: espressif/esp_hosted
      registry_url: https://components.espressif.com
      require: private
      rules:
      - if: target in [esp32p4]
      version: '*'
    - name: espressif/esp_wifi_remote
      registry_url: https://components.espressif.com
      require: private
      rules:
      - if: target in [esp32p4]
      version: <0.5.4
    - name: idf
      require: private
      rules:
      - if: target in [esp32p4]
      version: '>=5.3.0'
    source:
      registry_url: https://components.espressif.com/
      type: service
    version: 2.3.0
  idf:
    source:
      type: idf
    version: 5.4.0
direct_dependencies:
- h2zero/esp-nimble-cpp
- idf
manifest_hash: 9b436a9da083e5623b6f1bbbc442d2ef2ccef6b2c4772a044cdf2824dea417b8
target: esp32s3
version: 2.0.0
